{
  "nodes": {
    "disko": {
      "inputs": {
        "nixpkgs": [
          "nixverse",
          "nixos-anywhere",
          "nixpkgs"
        ]
      },
      "locked": {
        "lastModified": 1734088167,
        "narHash": "sha256-OIitVU+IstPbX/NWn2jLF+/sT9dVKcO2FKeRAzlyX6c=",
        "owner": "nix-community",
        "repo": "disko",
        "rev": "d32f2d1750d61a476a236526b725ec5a32e16342",
        "type": "github"
      },
      "original": {
        "owner": "nix-community",
        "ref": "master",
        "repo": "disko",
        "type": "github"
      }
    },
    "disko-stable-nixos": {
      "inputs": {
        "nixpkgs": [
          "nixpkgs-stable-nixos"
        ]
      },
      "locked": {
        "lastModified": 1750903843,
        "narHash": "sha256-Ng9+f0H5/dW+mq/XOKvB9uwvGbsuiiO6HrPdAcVglCs=",
        "owner": "nix-community",
        "repo": "disko",
        "rev": "83c4da299c1d7d300f8c6fd3a72ac46cb0d59aae",
        "type": "github"
      },
      "original": {
        "owner": "nix-community",
        "repo": "disko",
        "type": "github"
      }
    },
    "disko-unstable": {
      "inputs": {
        "nixpkgs": [
          "nixpkgs-unstable"
        ]
      },
      "locked": {
        "lastModified": 1750903843,
        "narHash": "sha256-Ng9+f0H5/dW+mq/XOKvB9uwvGbsuiiO6HrPdAcVglCs=",
        "owner": "nix-community",
        "repo": "disko",
        "rev": "83c4da299c1d7d300f8c6fd3a72ac46cb0d59aae",
        "type": "github"
      },
      "original": {
        "owner": "nix-community",
        "repo": "disko",
        "type": "github"
      }
    },
    "flake-parts": {
      "inputs": {
        "nixpkgs-lib": [
          "nixverse",
          "nixos-anywhere",
          "nixpkgs"
        ]
      },
      "locked": {
        "lastModified": 1733312601,
        "narHash": "sha256-4pDvzqnegAfRkPwO3wmwBhVi/Sye1mzps0zHWYnP88c=",
        "owner": "hercules-ci",
        "repo": "flake-parts",
        "rev": "205b12d8b7cd4802fbcb8e8ef6a0f1408781a4f9",
        "type": "github"
      },
      "original": {
        "owner": "hercules-ci",
        "repo": "flake-parts",
        "type": "github"
      }
    },
    "home-manager-stable-darwin": {
      "inputs": {
        "nixpkgs": [
          "nixpkgs-stable-darwin"
        ]
      },
      "locked": {
        "lastModified": 1750973805,
        "narHash": "sha256-BZXgag7I0rnL/HMHAsBz3tQrfKAibpY2vovexl2lS+Y=",
        "owner": "nix-community",
        "repo": "home-manager",
        "rev": "080e8b48b0318b38143d5865de9334f46d51fce3",
        "type": "github"
      },
      "original": {
        "owner": "nix-community",
        "repo": "home-manager",
        "type": "github"
      }
    },
    "home-manager-stable-nixos": {
      "inputs": {
        "nixpkgs": [
          "nixpkgs-stable-nixos"
        ]
      },
      "locked": {
        "lastModified": 1750973805,
        "narHash": "sha256-BZXgag7I0rnL/HMHAsBz3tQrfKAibpY2vovexl2lS+Y=",
        "owner": "nix-community",
        "repo": "home-manager",
        "rev": "080e8b48b0318b38143d5865de9334f46d51fce3",
        "type": "github"
      },
      "original": {
        "owner": "nix-community",
        "repo": "home-manager",
        "type": "github"
      }
    },
    "home-manager-unstable": {
      "inputs": {
        "nixpkgs": [
          "nixpkgs-unstable"
        ]
      },
      "locked": {
        "lastModified": 1750973805,
        "narHash": "sha256-BZXgag7I0rnL/HMHAsBz3tQrfKAibpY2vovexl2lS+Y=",
        "owner": "nix-community",
        "repo": "home-manager",
        "rev": "080e8b48b0318b38143d5865de9334f46d51fce3",
        "type": "github"
      },
      "original": {
        "owner": "nix-community",
        "repo": "home-manager",
        "type": "github"
      }
    },
    "networkd-ipmon-unstable": {
      "inputs": {
        "nixpkgs": [
          "nixpkgs-unstable"
        ]
      },
      "locked": {
        "lastModified": 1750823920,
        "narHash": "sha256-YOXlF3/mcoqaBZGzQKaIIxBxgQ4ywZwlJUJe+GiIZRg=",
        "owner": "hgl",
        "repo": "networkd-ipmon",
        "rev": "e637d2fed9b01ab687e671a90ab3ec404893edcd",
        "type": "github"
      },
      "original": {
        "owner": "hgl",
        "repo": "networkd-ipmon",
        "type": "github"
      }
    },
    "nix-darwin": {
      "inputs": {
        "nixpkgs": [
          "nixverse",
          "nixpkgs"
        ]
      },
      "locked": {
        "lastModified": 1750618568,
        "narHash": "sha256-w9EG5FOXrjXGfbqCcQg9x1lMnTwzNDW5BMXp8ddy15E=",
        "owner": "lnl7",
        "repo": "nix-darwin",
        "rev": "1dd19f19e4b53a1fd2e8e738a08dd5fe635ec7e5",
        "type": "github"
      },
      "original": {
        "owner": "lnl7",
        "repo": "nix-darwin",
        "type": "github"
      }
    },
    "nix-darwin-stable-darwin": {
      "inputs": {
        "nixpkgs": [
          "nixpkgs-stable-darwin"
        ]
      },
      "locked": {
        "lastModified": 1750618568,
        "narHash": "sha256-w9EG5FOXrjXGfbqCcQg9x1lMnTwzNDW5BMXp8ddy15E=",
        "owner": "LnL7",
        "repo": "nix-darwin",
        "rev": "1dd19f19e4b53a1fd2e8e738a08dd5fe635ec7e5",
        "type": "github"
      },
      "original": {
        "owner": "LnL7",
        "repo": "nix-darwin",
        "type": "github"
      }
    },
    "nix-darwin-unstable": {
      "inputs": {
        "nixpkgs": [
          "nixpkgs-unstable"
        ]
      },
      "locked": {
        "lastModified": 1750618568,
        "narHash": "sha256-w9EG5FOXrjXGfbqCcQg9x1lMnTwzNDW5BMXp8ddy15E=",
        "owner": "LnL7",
        "repo": "nix-darwin",
        "rev": "1dd19f19e4b53a1fd2e8e738a08dd5fe635ec7e5",
        "type": "github"
      },
      "original": {
        "owner": "LnL7",
        "repo": "nix-darwin",
        "type": "github"
      }
    },
    "nixos-anywhere": {
      "inputs": {
        "disko": "disko",
        "flake-parts": "flake-parts",
        "nixos-images": "nixos-images",
        "nixos-stable": "nixos-stable",
        "nixpkgs": [
          "nixverse",
          "nixpkgs"
        ],
        "treefmt-nix": "treefmt-nix"
      },
      "locked": {
        "lastModified": 1740657886,
        "narHash": "sha256-7kHxBQuzb7gcHzVmLGljJ4kF6BDDSYVCIxYFDmYPnAo=",
        "owner": "nix-community",
        "repo": "nixos-anywhere",
        "rev": "77e6a4e14baa93a29952ea9f0e4a59a29cca09e9",
        "type": "github"
      },
      "original": {
        "owner": "nix-community",
        "repo": "nixos-anywhere",
        "rev": "77e6a4e14baa93a29952ea9f0e4a59a29cca09e9",
        "type": "github"
      }
    },
    "nixos-images": {
      "inputs": {
        "nixos-stable": [
          "nixverse",
          "nixos-anywhere",
          "nixos-stable"
        ],
        "nixos-unstable": [
          "nixverse",
          "nixos-anywhere",
          "nixpkgs"
        ]
      },
      "locked": {
        "lastModified": 1740452541,
        "narHash": "sha256-aa5gPveHysMTVkxj+0iH0BdcSn8+v8lZPud+IItOSaQ=",
        "owner": "nix-community",
        "repo": "nixos-images",
        "rev": "283bbacb81bd2c1a7b89f33e011ecabe398a564e",
        "type": "github"
      },
      "original": {
        "owner": "nix-community",
        "repo": "nixos-images",
        "type": "github"
      }
    },
    "nixos-stable": {
      "locked": {
        "lastModified": 1733808091,
        "narHash": "sha256-KWwINTQelKOoQgrXftxoqxmKFZb9pLVfnRvK270nkVk=",
        "owner": "NixOS",
        "repo": "nixpkgs",
        "rev": "a0f3e10d94359665dba45b71b4227b0aeb851f8e",
        "type": "github"
      },
      "original": {
        "owner": "NixOS",
        "ref": "nixos-24.11",
        "repo": "nixpkgs",
        "type": "github"
      }
    },
    "nixpkgs-stable-darwin": {
      "locked": {
        "lastModified": 1735564410,
        "narHash": "sha256-HB/FA0+1gpSs8+/boEavrGJH+Eq08/R2wWNph1sM1Dg=",
        "owner": "NixOS",
        "repo": "nixpkgs",
        "rev": "1e7a8f391f1a490460760065fa0630b5520f9cf8",
        "type": "github"
      },
      "original": {
        "owner": "NixOS",
        "ref": "nixpkgs-24.05-darwin",
        "repo": "nixpkgs",
        "type": "github"
      }
    },
    "nixpkgs-stable-nixos": {
      "locked": {
        "lastModified": 1735563628,
        "narHash": "sha256-OnSAY7XDSx7CtDoqNh8jwVwh4xNL/2HaJxGjryLWzX8=",
        "owner": "NixOS",
        "repo": "nixpkgs",
        "rev": "b134951a4c9f3c995fd7be05f3243f8ecd65d798",
        "type": "github"
      },
      "original": {
        "owner": "NixOS",
        "ref": "nixos-24.05",
        "repo": "nixpkgs",
        "type": "github"
      }
    },
    "nixpkgs-unstable": {
      "locked": {
        "lastModified": 1751180975,
        "narHash": "sha256-BKk4yDiXr4LdF80OTVqYJ53Q74rOcA/82EClXug8xsY=",
        "owner": "NixOS",
        "repo": "nixpkgs",
        "rev": "a48741b083d4f36dd79abd9f760c84da6b4dc0e5",
        "type": "github"
      },
      "original": {
        "owner": "NixOS",
        "ref": "nixpkgs-unstable",
        "repo": "nixpkgs",
        "type": "github"
      }
    },
    "nixverse": {
      "inputs": {
        "nix-darwin": "nix-darwin",
        "nixos-anywhere": "nixos-anywhere",
        "nixpkgs": [
          "nixpkgs-unstable"
        ]
      },
      "locked": {
        "lastModified": 1751287014,
        "narHash": "sha256-L4zxxcP/o+6qsL4ItFq0G1yseWxidPDCdSR5zE7WSJM=",
        "path": "/Users/hgl/dev/nixverse",
        "type": "path"
      },
      "original": {
        "path": "/Users/hgl/dev/nixverse",
        "type": "path"
      }
    },
    "root": {
      "inputs": {
        "disko-stable-nixos": "disko-stable-nixos",
        "disko-unstable": "disko-unstable",
        "home-manager-stable-darwin": "home-manager-stable-darwin",
        "home-manager-stable-nixos": "home-manager-stable-nixos",
        "home-manager-unstable": "home-manager-unstable",
        "networkd-ipmon-unstable": "networkd-ipmon-unstable",
        "nix-darwin-stable-darwin": "nix-darwin-stable-darwin",
        "nix-darwin-unstable": "nix-darwin-unstable",
        "nixpkgs-stable-darwin": "nixpkgs-stable-darwin",
        "nixpkgs-stable-nixos": "nixpkgs-stable-nixos",
        "nixpkgs-unstable": "nixpkgs-unstable",
        "nixverse": "nixverse",
        "sops-nix-stable-darwin": "sops-nix-stable-darwin",
        "sops-nix-stable-nixos": "sops-nix-stable-nixos",
        "sops-nix-unstable": "sops-nix-unstable"
      }
    },
    "sops-nix-stable-darwin": {
      "inputs": {
        "nixpkgs": [
          "nixpkgs-stable-darwin"
        ]
      },
      "locked": {
        "lastModified": 1750119275,
        "narHash": "sha256-Rr7Pooz9zQbhdVxux16h7URa6mA80Pb/G07T4lHvh0M=",
        "owner": "Mic92",
        "repo": "sops-nix",
        "rev": "77c423a03b9b2b79709ea2cb63336312e78b72e2",
        "type": "github"
      },
      "original": {
        "owner": "Mic92",
        "repo": "sops-nix",
        "type": "github"
      }
    },
    "sops-nix-stable-nixos": {
      "inputs": {
        "nixpkgs": [
          "nixpkgs-stable-nixos"
        ]
      },
      "locked": {
        "lastModified": 1750119275,
        "narHash": "sha256-Rr7Pooz9zQbhdVxux16h7URa6mA80Pb/G07T4lHvh0M=",
        "owner": "Mic92",
        "repo": "sops-nix",
        "rev": "77c423a03b9b2b79709ea2cb63336312e78b72e2",
        "type": "github"
      },
      "original": {
        "owner": "Mic92",
        "repo": "sops-nix",
        "type": "github"
      }
    },
    "sops-nix-unstable": {
      "inputs": {
        "nixpkgs": [
          "nixpkgs-unstable"
        ]
      },
      "locked": {
        "lastModified": 1750119275,
        "narHash": "sha256-Rr7Pooz9zQbhdVxux16h7URa6mA80Pb/G07T4lHvh0M=",
        "owner": "Mic92",
        "repo": "sops-nix",
        "rev": "77c423a03b9b2b79709ea2cb63336312e78b72e2",
        "type": "github"
      },
      "original": {
        "owner": "Mic92",
        "repo": "sops-nix",
        "type": "github"
      }
    },
    "treefmt-nix": {
      "inputs": {
        "nixpkgs": [
          "nixverse",
          "nixos-anywhere",
          "nixpkgs"
        ]
      },
      "locked": {
        "lastModified": 1733761991,
        "narHash": "sha256-s4DalCDepD22jtKL5Nw6f4LP5UwoMcPzPZgHWjAfqbQ=",
        "owner": "numtide",
        "repo": "treefmt-nix",
        "rev": "0ce9d149d99bc383d1f2d85f31f6ebd146e46085",
        "type": "github"
      },
      "original": {
        "owner": "numtide",
        "repo": "treefmt-nix",
        "type": "github"
      }
    }
  },
  "root": "root",
  "version": 7
}
