{
  "nodes": {
    "bun2nix": {
      "inputs": {
        "flake-parts": [
          "llm-agents-unstable",
          "flake-parts"
        ],
        "nixpkgs": [
          "llm-agents-unstable",
          "nixpkgs"
        ],
        "systems": [
          "llm-agents-unstable",
          "systems"
        ],
        "treefmt-nix": [
          "llm-agents-unstable",
          "treefmt-nix"
        ]
      },
      "locked": {
        "lastModified": 1790001035,
        "narHash": "sha256-1/SLBjSYBzDdDhvLQ83wrzBakyS/xNGgtxHGNuveOEQ=",
        "owner": "Mic92",
        "repo": "bun2nix",
        "rev": "07a5bfc8ac36c5370199343fa620b69f63186e33",
        "type": "github"
      },
      "original": {
        "owner": "Mic92",
        "ref": "llm-agents",
        "repo": "bun2nix",
        "type": "github"
      }
    },
    "disko": {
      "inputs": {
        "nixpkgs": [
          "nixverse",
          "nixos-anywhere",
          "nixpkgs"
        ]
      },
      "locked": {
        "lastModified": 1781152676,
        "narHash": "sha256-RxWs5ND31KzTG7wvMM+PMfUjyNpmIEr999lqNARaM5o=",
        "owner": "nix-community",
        "repo": "disko",
        "rev": "ff8702b4de27f72b4c78573dfb89ec74e36abdf1",
        "type": "github"
      },
      "original": {
        "owner": "nix-community",
        "ref": "master",
        "repo": "disko",
        "type": "github"
      }
    },
    "disko-unstable-nixos": {
      "inputs": {
        "nixpkgs": [
          "nixpkgs-unstable-nixos"
        ]
      },
      "locked": {
        "lastModified": 1789770686,
        "narHash": "sha256-uZkBR7yHdIKUFB5SZdfgh1qkGfI3XmYmI/lTiquxbck=",
        "owner": "nix-community",
        "repo": "disko",
        "rev": "725ea35e410ad83be4931d1bff7e090eacaf3563",
        "type": "github"
      },
      "original": {
        "owner": "nix-community",
        "repo": "disko",
        "type": "github"
      }
    },
    "flake-parts": {
      "inputs": {
        "nixpkgs-lib": [
          "llm-agents-unstable",
          "nixpkgs"
        ]
      },
      "locked": {
        "lastModified": 1790898470,
        "narHash": "sha256-zTwuwezD0w3hpga6a6P8emidzAZFyWqlNeRBlpWOOl8=",
        "owner": "hercules-ci",
        "repo": "flake-parts",
        "rev": "024633cd702b10285db5cb19b40ad48d2399ba60",
        "type": "github"
      },
      "original": {
        "owner": "hercules-ci",
        "repo": "flake-parts",
        "type": "github"
      }
    },
    "flake-parts_2": {
      "inputs": {
        "nixpkgs-lib": [
          "nixverse",
          "nixpkgs"
        ]
      },
      "locked": {
        "lastModified": 1788450739,
        "narHash": "sha256-glZLQlzIn1fXH6PazR2iUmTo7kzzyYSshrWhLS9TqCU=",
        "owner": "hercules-ci",
        "repo": "flake-parts",
        "rev": "31729ca8cbdb4fa927b34e5f4353e6a83f39e993",
        "type": "github"
      },
      "original": {
        "owner": "hercules-ci",
        "repo": "flake-parts",
        "type": "github"
      }
    },
    "flake-parts_3": {
      "inputs": {
        "nixpkgs-lib": "nixpkgs-lib"
      },
      "locked": {
        "lastModified": 1777898446,
        "narHash": "sha256-tTEOTTjMHd8Vffn4hehLTPgOXXxJ27xfkf4DoyZgD7s=",
        "owner": "hercules-ci",
        "repo": "flake-parts",
        "rev": "5d82aa3d6b5da25dbfec1a995750a70a03b8c659",
        "type": "github"
      },
      "original": {
        "owner": "hercules-ci",
        "repo": "flake-parts",
        "type": "github"
      }
    },
    "home-manager-unstable-darwin": {
      "inputs": {
        "nixpkgs": [
          "nixpkgs-unstable"
        ]
      },
      "locked": {
        "lastModified": 1790972726,
        "narHash": "sha256-TVgDIhNGx2bLl1fBOr13YOMJTiMKEoxpxT8leF7hh/8=",
        "owner": "nix-community",
        "repo": "home-manager",
        "rev": "47c54aec43c13a728094881551db60b5cc4cc16e",
        "type": "github"
      },
      "original": {
        "owner": "nix-community",
        "repo": "home-manager",
        "type": "github"
      }
    },
    "home-manager-unstable-nixos": {
      "inputs": {
        "nixpkgs": [
          "nixpkgs-unstable-nixos"
        ]
      },
      "locked": {
        "lastModified": 1790972726,
        "narHash": "sha256-TVgDIhNGx2bLl1fBOr13YOMJTiMKEoxpxT8leF7hh/8=",
        "owner": "nix-community",
        "repo": "home-manager",
        "rev": "47c54aec43c13a728094881551db60b5cc4cc16e",
        "type": "github"
      },
      "original": {
        "owner": "nix-community",
        "repo": "home-manager",
        "type": "github"
      }
    },
    "import-tree": {
      "locked": {
        "lastModified": 1773693634,
        "narHash": "sha256-BtZ2dtkBdSUnFPPFc+n0kcMbgaTxzFNPv2iaO326Ffg=",
        "owner": "vic",
        "repo": "import-tree",
        "rev": "c41e7d58045f9057880b0d85e1152d6a4430dbf1",
        "type": "github"
      },
      "original": {
        "owner": "vic",
        "repo": "import-tree",
        "type": "github"
      }
    },
    "llm-agents-unstable": {
      "inputs": {
        "bun2nix": "bun2nix",
        "flake-parts": "flake-parts",
        "nixpkgs": [
          "nixpkgs-unstable"
        ],
        "systems": "systems",
        "treefmt-nix": "treefmt-nix"
      },
      "locked": {
        "lastModified": 1791070898,
        "narHash": "sha256-Vbubr9KGjHms+/L9bE1WJrVw5NAkpKf+f30mb8lOPBc=",
        "owner": "numtide",
        "repo": "llm-agents.nix",
        "rev": "a0c81034ed0831affad5c5a47571030e3aafa5df",
        "type": "github"
      },
      "original": {
        "owner": "numtide",
        "repo": "llm-agents.nix",
        "type": "github"
      }
    },
    "nix-darwin": {
      "inputs": {
        "nixpkgs": [
          "nixverse",
          "nixpkgs"
        ]
      },
      "locked": {
        "lastModified": 1786845137,
        "narHash": "sha256-oQFip+v0luP8NIxJzmiW4Wu8bILsbFWom5l0zonl8hQ=",
        "owner": "lnl7",
        "repo": "nix-darwin",
        "rev": "4cff07de74b50e64bdd68cd4e722ab5b6b35ee48",
        "type": "github"
      },
      "original": {
        "owner": "lnl7",
        "repo": "nix-darwin",
        "type": "github"
      }
    },
    "nix-darwin-unstable": {
      "inputs": {
        "nixpkgs": [
          "nixpkgs-unstable"
        ]
      },
      "locked": {
        "lastModified": 1786845137,
        "narHash": "sha256-oQFip+v0luP8NIxJzmiW4Wu8bILsbFWom5l0zonl8hQ=",
        "owner": "LnL7",
        "repo": "nix-darwin",
        "rev": "4cff07de74b50e64bdd68cd4e722ab5b6b35ee48",
        "type": "github"
      },
      "original": {
        "owner": "LnL7",
        "repo": "nix-darwin",
        "type": "github"
      }
    },
    "nix-darwin_2": {
      "inputs": {
        "nixpkgs": [
          "paneru-unstable",
          "nixpkgs"
        ]
      },
      "locked": {
        "lastModified": 1777780666,
        "narHash": "sha256-8wURyQMdDkGUarSTKOGdCuFfYiwa3HbzwscUfn3STDE=",
        "owner": "nix-darwin",
        "repo": "nix-darwin",
        "rev": "8c62fba0854ba15c8917aed18894dbccb48a3777",
        "type": "github"
      },
      "original": {
        "owner": "nix-darwin",
        "ref": "master",
        "repo": "nix-darwin",
        "type": "github"
      }
    },
    "nix-networkd-unstable-nixos": {
      "inputs": {
        "nixpkgs": [
          "nixpkgs-unstable-nixos"
        ]
      },
      "locked": {
        "lastModified": 1783749067,
        "narHash": "sha256-7ByPTPq94hf3eM4k4FJauu9CsedvLY1zcgKyw+Pb+u4=",
        "owner": "hgl",
        "repo": "nix-networkd",
        "rev": "f21cf1b42cb44c004eec234de0a733ebe8f5c15f",
        "type": "github"
      },
      "original": {
        "owner": "hgl",
        "repo": "nix-networkd",
        "type": "github"
      }
    },
    "nix-vm-test": {
      "inputs": {
        "nixpkgs": [
          "nixverse",
          "nixos-anywhere",
          "nixpkgs"
        ]
      },
      "locked": {
        "lastModified": 1786747096,
        "narHash": "sha256-9QqhmaLVsPhKdMSBaWKjDqeGRn8G4ov4cVuZ6JFwXbo=",
        "owner": "numtide",
        "repo": "nix-vm-test",
        "rev": "c8781a0ea2d8417506fff7722eae5a6316461212",
        "type": "github"
      },
      "original": {
        "owner": "numtide",
        "repo": "nix-vm-test",
        "type": "github"
      }
    },
    "nixos-anywhere": {
      "inputs": {
        "disko": "disko",
        "nix-vm-test": "nix-vm-test",
        "nixos-images": "nixos-images",
        "nixos-stable": "nixos-stable",
        "nixpkgs": [
          "nixverse",
          "nixpkgs"
        ],
        "treefmt-nix": "treefmt-nix_2"
      },
      "locked": {
        "lastModified": 1789567195,
        "narHash": "sha256-ymvPUaBvMmGvxsPbmrocpxO4XK+H+K12YjgKIyG3Rwk=",
        "owner": "nix-community",
        "repo": "nixos-anywhere",
        "rev": "1c2f124e970fed2a49bd14ce0a8b4e9bff74d3b4",
        "type": "github"
      },
      "original": {
        "owner": "nix-community",
        "repo": "nixos-anywhere",
        "type": "github"
      }
    },
    "nixos-images": {
      "inputs": {
        "nixos-stable": [
          "nixverse",
          "nixos-anywhere",
          "nixos-stable"
        ],
        "nixos-unstable": [
          "nixverse",
          "nixos-anywhere",
          "nixpkgs"
        ]
      },
      "locked": {
        "lastModified": 1789036642,
        "narHash": "sha256-ng2Ou1UrVCP98OAJiq8Mv6aDF/kjQWyaKm4PaxWtAu4=",
        "owner": "nix-community",
        "repo": "nixos-images",
        "rev": "4fcaaefd02b5bc777f99afd620cb1a9aa1fb5b83",
        "type": "github"
      },
      "original": {
        "owner": "nix-community",
        "repo": "nixos-images",
        "type": "github"
      }
    },
    "nixos-stable": {
      "locked": {
        "lastModified": 1789114715,
        "narHash": "sha256-ugpsyk3NM2s87vXfUiIIiibbJ4Pp0JPS5p/3mfs+q+c=",
        "owner": "NixOS",
        "repo": "nixpkgs",
        "rev": "21a67dc470149f337cecafbe965d8d252a390518",
        "type": "github"
      },
      "original": {
        "owner": "NixOS",
        "ref": "nixos-26.05",
        "repo": "nixpkgs",
        "type": "github"
      }
    },
    "nixpkgs-lib": {
      "locked": {
        "lastModified": 1777168982,
        "narHash": "sha256-GOkGPcboWE9BmGCRMLX3worL4EMnsnG8MyKmXNeYuhQ=",
        "owner": "nix-community",
        "repo": "nixpkgs.lib",
        "rev": "f5901329dade4a6ea039af1433fb087bd9c1fe14",
        "type": "github"
      },
      "original": {
        "owner": "nix-community",
        "repo": "nixpkgs.lib",
        "type": "github"
      }
    },
    "nixpkgs-unstable": {
      "locked": {
        "lastModified": 1790769526,
        "narHash": "sha256-5AIVFLRcx8YAwbFTVPTs7YhwJH7JyHfAQsvXmpovcXI=",
        "owner": "NixOS",
        "repo": "nixpkgs",
        "rev": "c9fe7d12cd78d1adcd12dd15e24432dde5b155a0",
        "type": "github"
      },
      "original": {
        "owner": "NixOS",
        "ref": "nixpkgs-unstable",
        "repo": "nixpkgs",
        "type": "github"
      }
    },
    "nixpkgs-unstable-nixos": {
      "locked": {
        "lastModified": 1790822859,
        "narHash": "sha256-69xHQhAeMAD2wDXO7T2pcOZIF9Sga2W+JkmY2a11Ops=",
        "owner": "NixOS",
        "repo": "nixpkgs",
        "rev": "c59305bab2065cfecc4944690d9eedbb56f3a9fa",
        "type": "github"
      },
      "original": {
        "owner": "NixOS",
        "ref": "nixos-unstable",
        "repo": "nixpkgs",
        "type": "github"
      }
    },
    "nixverse": {
      "inputs": {
        "flake-parts": "flake-parts_2",
        "nix-darwin": "nix-darwin",
        "nixos-anywhere": "nixos-anywhere",
        "nixpkgs": [
          "nixpkgs-unstable"
        ]
      },
      "locked": {
        "lastModified": 1790685546,
        "narHash": "sha256-U+AbMeGhDoEyWif7uVJ1DoBLlf9LxnATQt1SLUgqeN4=",
        "owner": "hgl",
        "repo": "nixverse",
        "rev": "dccefadf067dad6467ea49f96aa084b918eddba6",
        "type": "github"
      },
      "original": {
        "owner": "hgl",
        "repo": "nixverse",
        "type": "github"
      }
    },
    "paneru-unstable": {
      "inputs": {
        "flake-parts": "flake-parts_3",
        "import-tree": "import-tree",
        "nix-darwin": "nix-darwin_2",
        "nixpkgs": [
          "nixpkgs-unstable"
        ]
      },
      "locked": {
        "lastModified": 1784059178,
        "narHash": "sha256-/uVWiteov8bRhaMK0jq7Hx+myFZiqb+6HPEc3ZChqXQ=",
        "owner": "karinushka",
        "repo": "paneru",
        "rev": "4a635d8dd7bed0c1eb43b6b85788b1db58e0500f",
        "type": "github"
      },
      "original": {
        "owner": "karinushka",
        "repo": "paneru",
        "rev": "4a635d8dd7bed0c1eb43b6b85788b1db58e0500f",
        "type": "github"
      }
    },
    "root": {
      "inputs": {
        "disko-unstable-nixos": "disko-unstable-nixos",
        "home-manager-unstable-darwin": "home-manager-unstable-darwin",
        "home-manager-unstable-nixos": "home-manager-unstable-nixos",
        "llm-agents-unstable": "llm-agents-unstable",
        "nix-darwin-unstable": "nix-darwin-unstable",
        "nix-networkd-unstable-nixos": "nix-networkd-unstable-nixos",
        "nixpkgs-unstable": "nixpkgs-unstable",
        "nixpkgs-unstable-nixos": "nixpkgs-unstable-nixos",
        "nixverse": "nixverse",
        "paneru-unstable": "paneru-unstable",
        "rust-overlay-unstable": "rust-overlay-unstable",
        "sops-nix-unstable-darwin": "sops-nix-unstable-darwin",
        "sops-nix-unstable-nixos": "sops-nix-unstable-nixos",
        "zmx-unstable": "zmx-unstable"
      }
    },
    "rust-overlay-unstable": {
      "inputs": {
        "nixpkgs": [
          "nixpkgs-unstable"
        ]
      },
      "locked": {
        "lastModified": 1790928989,
        "narHash": "sha256-5r3MN/Rx7N9tLapCBmUq6/zCc3C9J7gNif1HybD1fJQ=",
        "owner": "oxalica",
        "repo": "rust-overlay",
        "rev": "368fee9beaab04ca6fe7af28db63caa9badb22fa",
        "type": "github"
      },
      "original": {
        "owner": "oxalica",
        "repo": "rust-overlay",
        "type": "github"
      }
    },
    "sops-nix-unstable-darwin": {
      "inputs": {
        "nixpkgs": [
          "nixpkgs-unstable"
        ]
      },
      "locked": {
        "lastModified": 1790498116,
        "narHash": "sha256-rs9meAYxW3zzrh43yaW7htrqCD+X9+pupDPHN86fumI=",
        "owner": "Mic92",
        "repo": "sops-nix",
        "rev": "5efb5a6f4f5ab192817d28557dd4d650fa14d866",
        "type": "github"
      },
      "original": {
        "owner": "Mic92",
        "repo": "sops-nix",
        "type": "github"
      }
    },
    "sops-nix-unstable-nixos": {
      "inputs": {
        "nixpkgs": [
          "nixpkgs-unstable-nixos"
        ]
      },
      "locked": {
        "lastModified": 1790498116,
        "narHash": "sha256-rs9meAYxW3zzrh43yaW7htrqCD+X9+pupDPHN86fumI=",
        "owner": "Mic92",
        "repo": "sops-nix",
        "rev": "5efb5a6f4f5ab192817d28557dd4d650fa14d866",
        "type": "github"
      },
      "original": {
        "owner": "Mic92",
        "repo": "sops-nix",
        "type": "github"
      }
    },
    "systems": {
      "locked": {
        "lastModified": 1681028828,
        "narHash": "sha256-Vy1rq5AaRuLzOxct8nz4T6wlgyUR7zLU309k9mBC768=",
        "owner": "nix-systems",
        "repo": "default",
        "rev": "da67096a3b9bf56a91d16901293e51ba5b49a27e",
        "type": "github"
      },
      "original": {
        "owner": "nix-systems",
        "repo": "default",
        "type": "github"
      }
    },
    "treefmt-nix": {
      "inputs": {
        "nixpkgs": [
          "llm-agents-unstable",
          "nixpkgs"
        ]
      },
      "locked": {
        "lastModified": 1786901030,
        "narHash": "sha256-WSFCsDSE5ffgD2MqzkM2CYjeFiKhRF/dJUN8uedb6YE=",
        "owner": "numtide",
        "repo": "treefmt-nix",
        "rev": "27b3b12a8e6375f28ebe122f07d230ca5459bbfa",
        "type": "github"
      },
      "original": {
        "owner": "numtide",
        "repo": "treefmt-nix",
        "type": "github"
      }
    },
    "treefmt-nix_2": {
      "inputs": {
        "nixpkgs": [
          "nixverse",
          "nixos-anywhere",
          "nixpkgs"
        ]
      },
      "locked": {
        "lastModified": 1786901030,
        "narHash": "sha256-WSFCsDSE5ffgD2MqzkM2CYjeFiKhRF/dJUN8uedb6YE=",
        "owner": "numtide",
        "repo": "treefmt-nix",
        "rev": "27b3b12a8e6375f28ebe122f07d230ca5459bbfa",
        "type": "github"
      },
      "original": {
        "owner": "numtide",
        "repo": "treefmt-nix",
        "type": "github"
      }
    },
    "zmx-unstable": {
      "flake": false,
      "locked": {
        "lastModified": 1790862468,
        "narHash": "sha256-fnp67KtJFtHZ7uxuPg2J2YT3NufyvckIkIBrGAj2Hks=",
        "owner": "neurosnap",
        "repo": "zmx",
        "rev": "ad8be3fbba9d186777c8e2dddca00711a621153a",
        "type": "github"
      },
      "original": {
        "owner": "neurosnap",
        "repo": "zmx",
        "type": "github"
      }
    }
  },
  "root": "root",
  "version": 7
}
